
Microsoft Visual Studio Solution File, Format Version 12.00
# Visual Studio Version 16
VisualStudioVersion = 16.0.810.23
MinimumVisualStudioVersion = 10.0.40219.1
Project("{FAE04EC0-301F-11D3-BF4B-00C04F79EFBC}") = "phoneboook", "phoneboook\phoneboook.csproj", "{B9D3ABA5-2F66-4B6B-95D7-303B2BD90A41}"
EndProject
Global
	GlobalSection(SolutionConfigurationPlatforms) = preSolution
		Debug|Any CPU = Debug|Any CPU
		Release|Any CPU = Release|Any CPU
	EndGlobalSection
	GlobalSection(ProjectConfigurationPlatforms) = postSolution
		{B9D3ABA5-2F66-4B6B-95D7-303B2BD90A41}.Debug|Any CPU.ActiveCfg = Debug|Any CPU
		{B9D3ABA5-2F66-4B6B-95D7-303B2BD90A41}.Debug|Any CPU.Build.0 = Debug|Any CPU
		{B9D3ABA5-2F66-4B6B-95D7-303B2BD90A41}.Release|Any CPU.ActiveCfg = Release|Any CPU
		{B9D3ABA5-2F66-4B6B-95D7-303B2BD90A41}.Release|Any CPU.Build.0 = Release|Any CPU
	EndGlobalSection
	GlobalSection(SolutionProperties) = preSolution
		HideSolutionNode = FALSE
	EndGlobalSection
	GlobalSection(ExtensibilityGlobals) = postSolution
		SolutionGuid = {AA96EB8E-253F-4F4F-BDEB-FB7A1D27A731}
	EndGlobalSection
EndGlobal
